
Microsoft Visual Studio Solution File, Format Version 12.00
# Visual Studio Version 17
VisualStudioVersion = 17.1.32328.378
MinimumVisualStudioVersion = 10.0.40219.1
Project("{9A19103F-16F7-4668-BE54-9A1E7A4F7556}") = "Gomoku AI", "Gomoku AI\Gomoku AI.csproj", "{BA561F1F-9E01-4AE3-87EE-8EA8675592EB}"
EndProject
Project("{9A19103F-16F7-4668-BE54-9A1E7A4F7556}") = "Gomoku AI Tests", "Gomoku AI Tests\Gomoku AI Tests.csproj", "{9CF423B4-9076-4805-A0FE-A996F00B82C4}"
EndProject
Global
	GlobalSection(SolutionConfigurationPlatforms) = preSolution
		Debug|Any CPU = Debug|Any CPU
		Debug|x64 = Debug|x64
		Release|Any CPU = Release|Any CPU
		Release|x64 = Release|x64
	EndGlobalSection
	GlobalSection(ProjectConfigurationPlatforms) = postSolution
		{BA561F1F-9E01-4AE3-87EE-8EA8675592EB}.Debug|Any CPU.ActiveCfg = Debug|Any CPU
		{BA561F1F-9E01-4AE3-87EE-8EA8675592EB}.Debug|Any CPU.Build.0 = Debug|Any CPU
		{BA561F1F-9E01-4AE3-87EE-8EA8675592EB}.Debug|x64.ActiveCfg = Release|x64
		{BA561F1F-9E01-4AE3-87EE-8EA8675592EB}.Debug|x64.Build.0 = Release|x64
		{BA561F1F-9E01-4AE3-87EE-8EA8675592EB}.Release|Any CPU.ActiveCfg = Release|Any CPU
		{BA561F1F-9E01-4AE3-87EE-8EA8675592EB}.Release|Any CPU.Build.0 = Release|Any CPU
		{BA561F1F-9E01-4AE3-87EE-8EA8675592EB}.Release|x64.ActiveCfg = Release|x64
		{BA561F1F-9E01-4AE3-87EE-8EA8675592EB}.Release|x64.Build.0 = Release|x64
		{9CF423B4-9076-4805-A0FE-A996F00B82C4}.Debug|Any CPU.ActiveCfg = Debug|Any CPU
		{9CF423B4-9076-4805-A0FE-A996F00B82C4}.Debug|x64.ActiveCfg = Debug|Any CPU
		{9CF423B4-9076-4805-A0FE-A996F00B82C4}.Release|Any CPU.ActiveCfg = Release|Any CPU
		{9CF423B4-9076-4805-A0FE-A996F00B82C4}.Release|Any CPU.Build.0 = Release|Any CPU
		{9CF423B4-9076-4805-A0FE-A996F00B82C4}.Release|x64.ActiveCfg = Release|Any CPU
		{9CF423B4-9076-4805-A0FE-A996F00B82C4}.Release|x64.Build.0 = Release|Any CPU
	EndGlobalSection
	GlobalSection(SolutionProperties) = preSolution
		HideSolutionNode = FALSE
	EndGlobalSection
	GlobalSection(ExtensibilityGlobals) = postSolution
		SolutionGuid = {3B1265EE-9606-40BF-9C3A-68F54B8D212E}
	EndGlobalSection
EndGlobal
